
Microsoft Visual Studio Solution File, Format Version 12.00
# Visual Studio Version 17
VisualStudioVersion = 17.1.32319.34
MinimumVisualStudioVersion = 10.0.40219.1
Project("{FAE04EC0-301F-11D3-BF4B-00C04F79EFBC}") = "WebApi", "..\WebApi\WebApi.csproj", "{258B6FE7-DB5E-46C7-BC8B-BFB5E8443623}"
EndProject
Project("{FAE04EC0-301F-11D3-BF4B-00C04F79EFBC}") = "WebApplication1", "..\WebApplication1\WebApplication1.csproj", "{EA85B808-454D-452B-87CA-68AFB6E0074F}"
EndProject
Project("{2150E333-8FDC-42A3-9474-1A3956D46DE8}") = "Solution Items", "Solution Items", "{C48B2EF6-9744-4686-8A78-55F744EF737B}"
	ProjectSection(SolutionItems) = preProject
		.editorconfig = .editorconfig
	EndProjectSection
EndProject
Global
	GlobalSection(SolutionConfigurationPlatforms) = preSolution
		Debug|Any CPU = Debug|Any CPU
		Release|Any CPU = Release|Any CPU
	EndGlobalSection
	GlobalSection(ProjectConfigurationPlatforms) = postSolution
		{258B6FE7-DB5E-46C7-BC8B-BFB5E8443623}.Debug|Any CPU.ActiveCfg = Debug|Any CPU
		{258B6FE7-DB5E-46C7-BC8B-BFB5E8443623}.Debug|Any CPU.Build.0 = Debug|Any CPU
		{258B6FE7-DB5E-46C7-BC8B-BFB5E8443623}.Release|Any CPU.ActiveCfg = Release|Any CPU
		{258B6FE7-DB5E-46C7-BC8B-BFB5E8443623}.Release|Any CPU.Build.0 = Release|Any CPU
		{EA85B808-454D-452B-87CA-68AFB6E0074F}.Debug|Any CPU.ActiveCfg = Debug|Any CPU
		{EA85B808-454D-452B-87CA-68AFB6E0074F}.Debug|Any CPU.Build.0 = Debug|Any CPU
		{EA85B808-454D-452B-87CA-68AFB6E0074F}.Release|Any CPU.ActiveCfg = Release|Any CPU
		{EA85B808-454D-452B-87CA-68AFB6E0074F}.Release|Any CPU.Build.0 = Release|Any CPU
	EndGlobalSection
	GlobalSection(SolutionProperties) = preSolution
		HideSolutionNode = FALSE
	EndGlobalSection
	GlobalSection(ExtensibilityGlobals) = postSolution
		SolutionGuid = {1E8F34A8-594F-46E3-A73E-6CD38B267E62}
	EndGlobalSection
EndGlobal
